
Microsoft Visual Studio Solution File, Format Version 12.00
# Visual Studio Version 17
VisualStudioVersion = 17.13.35931.197
MinimumVisualStudioVersion = 10.0.40219.1
Project("{FAE04EC0-301F-11D3-BF4B-00C04F79EFBC}") = "01_FirstLesson", "01_FirstLesson\01_FirstLesson.csproj", "{4B964E0C-FE5A-4929-AAEE-53B3442DF44F}"
EndProject
Project("{FAE04EC0-301F-11D3-BF4B-00C04F79EFBC}") = "02_ArrayEnum", "02_ArrayEnum\02_ArrayEnum.csproj", "{B8678DC7-9348-4D96-B25D-38F13A351489}"
EndProject
Project("{FAE04EC0-301F-11D3-BF4B-00C04F79EFBC}") = "03_String", "03_String\03_String.csproj", "{7684C780-7A4F-4DED-8436-37550DA0ECBE}"
EndProject
Project("{FAE04EC0-301F-11D3-BF4B-00C04F79EFBC}") = "05_StructRefOut", "05_StructRefOut\05_StructRefOut.csproj", "{228D0412-EE84-461A-A623-D11DC3933669}"
EndProject
Project("{FAE04EC0-301F-11D3-BF4B-00C04F79EFBC}") = "06_ExceptionNamespaces", "06_ExceptionNamespaces\06_ExceptionNamespaces.csproj", "{EE2C3048-6DE7-4487-963F-A37E244B94C9}"
EndProject
Project("{FAE04EC0-301F-11D3-BF4B-00C04F79EFBC}") = "07_OverloadOperators", "07_OverloadOperators\07_OverloadOperators.csproj", "{D4568848-5814-4AB3-B468-0E2EE68E95D9}"
EndProject
Project("{FAE04EC0-301F-11D3-BF4B-00C04F79EFBC}") = "08_Inheritance", "08_Inheritance\08_Inheritance.csproj", "{7182D182-DCF3-4C15-B6B0-9E06C18C5C27}"
EndProject
Project("{FAE04EC0-301F-11D3-BF4B-00C04F79EFBC}") = "09_interface", "09_interface\09_interface.csproj", "{CDBF03BA-331E-4E76-ABFC-52C77C81F595}"
EndProject
Project("{FAE04EC0-301F-11D3-BF4B-00C04F79EFBC}") = "10_numStandartInterfaces", "10_numStandartInterfaces\10_numStandartInterfaces.csproj", "{BA44AA17-A163-4689-BEB9-D9A728FFAB20}"
EndProject
Project("{FAE04EC0-301F-11D3-BF4B-00C04F79EFBC}") = "11_Delegations", "11_Delegations\11_Delegations.csproj", "{4042670C-CD92-495D-9869-B850E6BD2AF9}"
EndProject
Project("{2150E333-8FDC-42A3-9474-1A3956D46DE8}") = "Solution Items", "Solution Items", "{02EA681E-C7D8-13C7-8484-4AC65E1B71E8}"
	ProjectSection(SolutionItems) = preProject
		.editorconfig = .editorconfig
	EndProjectSection
EndProject
Project("{FAE04EC0-301F-11D3-BF4B-00C04F79EFBC}") = "12_EventCallBackFunction", "12_EventCallBackFunction\12_EventCallBackFunction.csproj", "{21B60D02-4A4E-4A9B-83CC-7DA42B6C6BE4}"
EndProject
Project("{FAE04EC0-301F-11D3-BF4B-00C04F79EFBC}") = "13_GBDictionary", "13_GBDictionary\13_GBDictionary.csproj", "{A1C9D494-253C-41AE-A845-86DB72E66856}"
EndProject
Project("{FAE04EC0-301F-11D3-BF4B-00C04F79EFBC}") = "14_Generic", "14_Generic\14_Generic.csproj", "{1CAC80E7-D023-4F03-9A3C-32AE638E643A}"
EndProject
Project("{FAE04EC0-301F-11D3-BF4B-00C04F79EFBC}") = "15_Stream", "15_Stream\15_Stream.csproj", "{8CFEF2BD-A057-4422-820D-4466FAF8B4BE}"
EndProject
Project("{FAE04EC0-301F-11D3-BF4B-00C04F79EFBC}") = "16_SerializerAtributes", "16_SerializerAtributes\16_SerializerAtributes.csproj", "{00FB9BA8-664F-4F98-A8FD-5E81CCD09FF4}"
EndProject
Global
	GlobalSection(SolutionConfigurationPlatforms) = preSolution
		Debug|Any CPU = Debug|Any CPU
		Release|Any CPU = Release|Any CPU
	EndGlobalSection
	GlobalSection(ProjectConfigurationPlatforms) = postSolution
		{4B964E0C-FE5A-4929-AAEE-53B3442DF44F}.Debug|Any CPU.ActiveCfg = Debug|Any CPU
		{4B964E0C-FE5A-4929-AAEE-53B3442DF44F}.Debug|Any CPU.Build.0 = Debug|Any CPU
		{4B964E0C-FE5A-4929-AAEE-53B3442DF44F}.Release|Any CPU.ActiveCfg = Release|Any CPU
		{4B964E0C-FE5A-4929-AAEE-53B3442DF44F}.Release|Any CPU.Build.0 = Release|Any CPU
		{B8678DC7-9348-4D96-B25D-38F13A351489}.Debug|Any CPU.ActiveCfg = Debug|Any CPU
		{B8678DC7-9348-4D96-B25D-38F13A351489}.Debug|Any CPU.Build.0 = Debug|Any CPU
		{B8678DC7-9348-4D96-B25D-38F13A351489}.Release|Any CPU.ActiveCfg = Release|Any CPU
		{B8678DC7-9348-4D96-B25D-38F13A351489}.Release|Any CPU.Build.0 = Release|Any CPU
		{7684C780-7A4F-4DED-8436-37550DA0ECBE}.Debug|Any CPU.ActiveCfg = Debug|Any CPU
		{7684C780-7A4F-4DED-8436-37550DA0ECBE}.Debug|Any CPU.Build.0 = Debug|Any CPU
		{7684C780-7A4F-4DED-8436-37550DA0ECBE}.Release|Any CPU.ActiveCfg = Release|Any CPU
		{7684C780-7A4F-4DED-8436-37550DA0ECBE}.Release|Any CPU.Build.0 = Release|Any CPU
		{228D0412-EE84-461A-A623-D11DC3933669}.Debug|Any CPU.ActiveCfg = Debug|Any CPU
		{228D0412-EE84-461A-A623-D11DC3933669}.Debug|Any CPU.Build.0 = Debug|Any CPU
		{228D0412-EE84-461A-A623-D11DC3933669}.Release|Any CPU.ActiveCfg = Release|Any CPU
		{228D0412-EE84-461A-A623-D11DC3933669}.Release|Any CPU.Build.0 = Release|Any CPU
		{EE2C3048-6DE7-4487-963F-A37E244B94C9}.Debug|Any CPU.ActiveCfg = Debug|Any CPU
		{EE2C3048-6DE7-4487-963F-A37E244B94C9}.Debug|Any CPU.Build.0 = Debug|Any CPU
		{EE2C3048-6DE7-4487-963F-A37E244B94C9}.Release|Any CPU.ActiveCfg = Release|Any CPU
		{EE2C3048-6DE7-4487-963F-A37E244B94C9}.Release|Any CPU.Build.0 = Release|Any CPU
		{D4568848-5814-4AB3-B468-0E2EE68E95D9}.Debug|Any CPU.ActiveCfg = Debug|Any CPU
		{D4568848-5814-4AB3-B468-0E2EE68E95D9}.Debug|Any CPU.Build.0 = Debug|Any CPU
		{D4568848-5814-4AB3-B468-0E2EE68E95D9}.Release|Any CPU.ActiveCfg = Release|Any CPU
		{D4568848-5814-4AB3-B468-0E2EE68E95D9}.Release|Any CPU.Build.0 = Release|Any CPU
		{7182D182-DCF3-4C15-B6B0-9E06C18C5C27}.Debug|Any CPU.ActiveCfg = Debug|Any CPU
		{7182D182-DCF3-4C15-B6B0-9E06C18C5C27}.Debug|Any CPU.Build.0 = Debug|Any CPU
		{7182D182-DCF3-4C15-B6B0-9E06C18C5C27}.Release|Any CPU.ActiveCfg = Release|Any CPU
		{7182D182-DCF3-4C15-B6B0-9E06C18C5C27}.Release|Any CPU.Build.0 = Release|Any CPU
		{CDBF03BA-331E-4E76-ABFC-52C77C81F595}.Debug|Any CPU.ActiveCfg = Debug|Any CPU
		{CDBF03BA-331E-4E76-ABFC-52C77C81F595}.Debug|Any CPU.Build.0 = Debug|Any CPU
		{CDBF03BA-331E-4E76-ABFC-52C77C81F595}.Release|Any CPU.ActiveCfg = Release|Any CPU
		{CDBF03BA-331E-4E76-ABFC-52C77C81F595}.Release|Any CPU.Build.0 = Release|Any CPU
		{BA44AA17-A163-4689-BEB9-D9A728FFAB20}.Debug|Any CPU.ActiveCfg = Debug|Any CPU
		{BA44AA17-A163-4689-BEB9-D9A728FFAB20}.Debug|Any CPU.Build.0 = Debug|Any CPU
		{BA44AA17-A163-4689-BEB9-D9A728FFAB20}.Release|Any CPU.ActiveCfg = Release|Any CPU
		{BA44AA17-A163-4689-BEB9-D9A728FFAB20}.Release|Any CPU.Build.0 = Release|Any CPU
		{4042670C-CD92-495D-9869-B850E6BD2AF9}.Debug|Any CPU.ActiveCfg = Debug|Any CPU
		{4042670C-CD92-495D-9869-B850E6BD2AF9}.Debug|Any CPU.Build.0 = Debug|Any CPU
		{4042670C-CD92-495D-9869-B850E6BD2AF9}.Release|Any CPU.ActiveCfg = Release|Any CPU
		{4042670C-CD92-495D-9869-B850E6BD2AF9}.Release|Any CPU.Build.0 = Release|Any CPU
		{21B60D02-4A4E-4A9B-83CC-7DA42B6C6BE4}.Debug|Any CPU.ActiveCfg = Debug|Any CPU
		{21B60D02-4A4E-4A9B-83CC-7DA42B6C6BE4}.Debug|Any CPU.Build.0 = Debug|Any CPU
		{21B60D02-4A4E-4A9B-83CC-7DA42B6C6BE4}.Release|Any CPU.ActiveCfg = Release|Any CPU
		{21B60D02-4A4E-4A9B-83CC-7DA42B6C6BE4}.Release|Any CPU.Build.0 = Release|Any CPU
		{A1C9D494-253C-41AE-A845-86DB72E66856}.Debug|Any CPU.ActiveCfg = Debug|Any CPU
		{A1C9D494-253C-41AE-A845-86DB72E66856}.Debug|Any CPU.Build.0 = Debug|Any CPU
		{A1C9D494-253C-41AE-A845-86DB72E66856}.Release|Any CPU.ActiveCfg = Release|Any CPU
		{A1C9D494-253C-41AE-A845-86DB72E66856}.Release|Any CPU.Build.0 = Release|Any CPU
		{1CAC80E7-D023-4F03-9A3C-32AE638E643A}.Debug|Any CPU.ActiveCfg = Debug|Any CPU
		{1CAC80E7-D023-4F03-9A3C-32AE638E643A}.Debug|Any CPU.Build.0 = Debug|Any CPU
		{1CAC80E7-D023-4F03-9A3C-32AE638E643A}.Release|Any CPU.ActiveCfg = Release|Any CPU
		{1CAC80E7-D023-4F03-9A3C-32AE638E643A}.Release|Any CPU.Build.0 = Release|Any CPU
		{8CFEF2BD-A057-4422-820D-4466FAF8B4BE}.Debug|Any CPU.ActiveCfg = Debug|Any CPU
		{8CFEF2BD-A057-4422-820D-4466FAF8B4BE}.Debug|Any CPU.Build.0 = Debug|Any CPU
		{8CFEF2BD-A057-4422-820D-4466FAF8B4BE}.Release|Any CPU.ActiveCfg = Release|Any CPU
		{8CFEF2BD-A057-4422-820D-4466FAF8B4BE}.Release|Any CPU.Build.0 = Release|Any CPU
		{00FB9BA8-664F-4F98-A8FD-5E81CCD09FF4}.Debug|Any CPU.ActiveCfg = Debug|Any CPU
		{00FB9BA8-664F-4F98-A8FD-5E81CCD09FF4}.Debug|Any CPU.Build.0 = Debug|Any CPU
		{00FB9BA8-664F-4F98-A8FD-5E81CCD09FF4}.Release|Any CPU.ActiveCfg = Release|Any CPU
		{00FB9BA8-664F-4F98-A8FD-5E81CCD09FF4}.Release|Any CPU.Build.0 = Release|Any CPU
	EndGlobalSection
	GlobalSection(SolutionProperties) = preSolution
		HideSolutionNode = FALSE
	EndGlobalSection
	GlobalSection(ExtensibilityGlobals) = postSolution
		SolutionGuid = {66E0E655-49E2-4E63-B6F7-AAADACFD6338}
	EndGlobalSection
EndGlobal
