
Microsoft Visual Studio Solution File, Format Version 12.00
# Visual Studio Version 17
VisualStudioVersion = 17.13.35931.197
MinimumVisualStudioVersion = 10.0.40219.1
Project("{FAE04EC0-301F-11D3-BF4B-00C04F79EFBC}") = "01_FirstLesson", "01_FirstLesson\01_FirstLesson.csproj", "{4B964E0C-FE5A-4929-AAEE-53B3442DF44F}"
EndProject
Project("{FAE04EC0-301F-11D3-BF4B-00C04F79EFBC}") = "02_ArrayEnum", "02_ArrayEnum\02_ArrayEnum.csproj", "{B8678DC7-9348-4D96-B25D-38F13A351489}"
EndProject
Project("{FAE04EC0-301F-11D3-BF4B-00C04F79EFBC}") = "03_String", "03_String\03_String.csproj", "{7684C780-7A4F-4DED-8436-37550DA0ECBE}"
EndProject
Project("{FAE04EC0-301F-11D3-BF4B-00C04F79EFBC}") = "05_StructRefOut", "05_StructRefOut\05_StructRefOut.csproj", "{228D0412-EE84-461A-A623-D11DC3933669}"
EndProject
Project("{FAE04EC0-301F-11D3-BF4B-00C04F79EFBC}") = "06_ExceptionNamespaces", "06_ExceptionNamespaces\06_ExceptionNamespaces.csproj", "{EE2C3048-6DE7-4487-963F-A37E244B94C9}"
EndProject
Project("{FAE04EC0-301F-11D3-BF4B-00C04F79EFBC}") = "07_OverloadOperators", "07_OverloadOperators\07_OverloadOperators.csproj", "{D4568848-5814-4AB3-B468-0E2EE68E95D9}"
EndProject
Global
	GlobalSection(SolutionConfigurationPlatforms) = preSolution
		Debug|Any CPU = Debug|Any CPU
		Release|Any CPU = Release|Any CPU
	EndGlobalSection
	GlobalSection(ProjectConfigurationPlatforms) = postSolution
		{4B964E0C-FE5A-4929-AAEE-53B3442DF44F}.Debug|Any CPU.ActiveCfg = Debug|Any CPU
		{4B964E0C-FE5A-4929-AAEE-53B3442DF44F}.Debug|Any CPU.Build.0 = Debug|Any CPU
		{4B964E0C-FE5A-4929-AAEE-53B3442DF44F}.Release|Any CPU.ActiveCfg = Release|Any CPU
		{4B964E0C-FE5A-4929-AAEE-53B3442DF44F}.Release|Any CPU.Build.0 = Release|Any CPU
		{B8678DC7-9348-4D96-B25D-38F13A351489}.Debug|Any CPU.ActiveCfg = Debug|Any CPU
		{B8678DC7-9348-4D96-B25D-38F13A351489}.Debug|Any CPU.Build.0 = Debug|Any CPU
		{B8678DC7-9348-4D96-B25D-38F13A351489}.Release|Any CPU.ActiveCfg = Release|Any CPU
		{B8678DC7-9348-4D96-B25D-38F13A351489}.Release|Any CPU.Build.0 = Release|Any CPU
		{7684C780-7A4F-4DED-8436-37550DA0ECBE}.Debug|Any CPU.ActiveCfg = Debug|Any CPU
		{7684C780-7A4F-4DED-8436-37550DA0ECBE}.Debug|Any CPU.Build.0 = Debug|Any CPU
		{7684C780-7A4F-4DED-8436-37550DA0ECBE}.Release|Any CPU.ActiveCfg = Release|Any CPU
		{7684C780-7A4F-4DED-8436-37550DA0ECBE}.Release|Any CPU.Build.0 = Release|Any CPU
		{228D0412-EE84-461A-A623-D11DC3933669}.Debug|Any CPU.ActiveCfg = Debug|Any CPU
		{228D0412-EE84-461A-A623-D11DC3933669}.Debug|Any CPU.Build.0 = Debug|Any CPU
		{228D0412-EE84-461A-A623-D11DC3933669}.Release|Any CPU.ActiveCfg = Release|Any CPU
		{228D0412-EE84-461A-A623-D11DC3933669}.Release|Any CPU.Build.0 = Release|Any CPU
		{EE2C3048-6DE7-4487-963F-A37E244B94C9}.Debug|Any CPU.ActiveCfg = Debug|Any CPU
		{EE2C3048-6DE7-4487-963F-A37E244B94C9}.Debug|Any CPU.Build.0 = Debug|Any CPU
		{EE2C3048-6DE7-4487-963F-A37E244B94C9}.Release|Any CPU.ActiveCfg = Release|Any CPU
		{EE2C3048-6DE7-4487-963F-A37E244B94C9}.Release|Any CPU.Build.0 = Release|Any CPU
		{D4568848-5814-4AB3-B468-0E2EE68E95D9}.Debug|Any CPU.ActiveCfg = Debug|Any CPU
		{D4568848-5814-4AB3-B468-0E2EE68E95D9}.Debug|Any CPU.Build.0 = Debug|Any CPU
		{D4568848-5814-4AB3-B468-0E2EE68E95D9}.Release|Any CPU.ActiveCfg = Release|Any CPU
		{D4568848-5814-4AB3-B468-0E2EE68E95D9}.Release|Any CPU.Build.0 = Release|Any CPU
	EndGlobalSection
	GlobalSection(SolutionProperties) = preSolution
		HideSolutionNode = FALSE
	EndGlobalSection
	GlobalSection(ExtensibilityGlobals) = postSolution
		SolutionGuid = {66E0E655-49E2-4E63-B6F7-AAADACFD6338}
	EndGlobalSection
EndGlobal
